
Microsoft Visual Studio Solution File, Format Version 12.00
# Visual Studio Version 17
VisualStudioVersion = 17.2.32616.157
MinimumVisualStudioVersion = 10.0.40219.1
Project("{FAE04EC0-301F-11D3-BF4B-00C04F79EFBC}") = "OnlineShop", "OnlineShop\OnlineShop.csproj", "{5499C04A-3C99-4226-A4BE-E66B4F8EB287}"
EndProject
Project("{FAE04EC0-301F-11D3-BF4B-00C04F79EFBC}") = "Model", "Model\Model.csproj", "{87298B65-1F31-42D2-86EE-9FBA478C5F2F}"
EndProject
Project("{FAE04EC0-301F-11D3-BF4B-00C04F79EFBC}") = "Common", "Common\Common.csproj", "{61DCFB07-6D59-46F3-B4FA-CB96F1BEB3E8}"
EndProject
Global
	GlobalSection(SolutionConfigurationPlatforms) = preSolution
		Debug|Any CPU = Debug|Any CPU
		Release|Any CPU = Release|Any CPU
	EndGlobalSection
	GlobalSection(ProjectConfigurationPlatforms) = postSolution
		{5499C04A-3C99-4226-A4BE-E66B4F8EB287}.Debug|Any CPU.ActiveCfg = Debug|Any CPU
		{5499C04A-3C99-4226-A4BE-E66B4F8EB287}.Debug|Any CPU.Build.0 = Debug|Any CPU
		{5499C04A-3C99-4226-A4BE-E66B4F8EB287}.Release|Any CPU.ActiveCfg = Release|Any CPU
		{5499C04A-3C99-4226-A4BE-E66B4F8EB287}.Release|Any CPU.Build.0 = Release|Any CPU
		{87298B65-1F31-42D2-86EE-9FBA478C5F2F}.Debug|Any CPU.ActiveCfg = Debug|Any CPU
		{87298B65-1F31-42D2-86EE-9FBA478C5F2F}.Debug|Any CPU.Build.0 = Debug|Any CPU
		{87298B65-1F31-42D2-86EE-9FBA478C5F2F}.Release|Any CPU.ActiveCfg = Release|Any CPU
		{87298B65-1F31-42D2-86EE-9FBA478C5F2F}.Release|Any CPU.Build.0 = Release|Any CPU
		{61DCFB07-6D59-46F3-B4FA-CB96F1BEB3E8}.Debug|Any CPU.ActiveCfg = Debug|Any CPU
		{61DCFB07-6D59-46F3-B4FA-CB96F1BEB3E8}.Debug|Any CPU.Build.0 = Debug|Any CPU
		{61DCFB07-6D59-46F3-B4FA-CB96F1BEB3E8}.Release|Any CPU.ActiveCfg = Release|Any CPU
		{61DCFB07-6D59-46F3-B4FA-CB96F1BEB3E8}.Release|Any CPU.Build.0 = Release|Any CPU
	EndGlobalSection
	GlobalSection(SolutionProperties) = preSolution
		HideSolutionNode = FALSE
	EndGlobalSection
	GlobalSection(ExtensibilityGlobals) = postSolution
		SolutionGuid = {606220CC-4FA3-4FDD-A75C-2E96E809C271}
	EndGlobalSection
EndGlobal
